
Microsoft Visual Studio Solution File, Format Version 12.00
# Visual Studio Version 17
VisualStudioVersion = 17.14.36616.10
MinimumVisualStudioVersion = 10.0.40219.1
Project("{FAE04EC0-301F-11D3-BF4B-00C04F79EFBC}") = "Body4uHUB.Shared.Domain", "Body4uHUB.Shared\Body4uHUB.Shared.Domain.csproj", "{13C8E2F6-584D-4F8C-8B79-5ABE523407DE}"
EndProject
Project("{2150E333-8FDC-42A3-9474-1A3956D46DE8}") = "Shared", "Shared", "{02EA681E-C7D8-13C7-8484-4AC65E1B71E8}"
EndProject
Project("{2150E333-8FDC-42A3-9474-1A3956D46DE8}") = "Services", "Services", "{F41693C5-4319-4BD3-A83C-22F8DEA15D0D}"
EndProject
Project("{2150E333-8FDC-42A3-9474-1A3956D46DE8}") = "Identity", "Identity", "{9C18B521-2767-4A88-93E1-A71A93D8B42B}"
EndProject
Project("{FAE04EC0-301F-11D3-BF4B-00C04F79EFBC}") = "Body4uHUB.Identity.Domain", "Body4uHUB.Identity.Domain\Body4uHUB.Identity.Domain.csproj", "{514C465D-E30D-4470-BC30-BD5BDA6637FC}"
EndProject
Project("{FAE04EC0-301F-11D3-BF4B-00C04F79EFBC}") = "Body4uHUB.Identity.Infrastructure", "Body4uHUB.Identity.Infrastructure\Body4uHUB.Identity.Infrastructure.csproj", "{45CB3602-70E6-4FA9-B047-D901F6F1335A}"
EndProject
Project("{FAE04EC0-301F-11D3-BF4B-00C04F79EFBC}") = "Body4uHUB.Identity.Application", "Body4uHUB.Identity.Application\Body4uHUB.Identity.Application.csproj", "{7B7AE628-52F4-46A0-95F2-0D8EEB9FBB11}"
EndProject
Global
	GlobalSection(SolutionConfigurationPlatforms) = preSolution
		Debug|Any CPU = Debug|Any CPU
		Release|Any CPU = Release|Any CPU
	EndGlobalSection
	GlobalSection(ProjectConfigurationPlatforms) = postSolution
		{13C8E2F6-584D-4F8C-8B79-5ABE523407DE}.Debug|Any CPU.ActiveCfg = Debug|Any CPU
		{13C8E2F6-584D-4F8C-8B79-5ABE523407DE}.Debug|Any CPU.Build.0 = Debug|Any CPU
		{13C8E2F6-584D-4F8C-8B79-5ABE523407DE}.Release|Any CPU.ActiveCfg = Release|Any CPU
		{13C8E2F6-584D-4F8C-8B79-5ABE523407DE}.Release|Any CPU.Build.0 = Release|Any CPU
		{514C465D-E30D-4470-BC30-BD5BDA6637FC}.Debug|Any CPU.ActiveCfg = Debug|Any CPU
		{514C465D-E30D-4470-BC30-BD5BDA6637FC}.Debug|Any CPU.Build.0 = Debug|Any CPU
		{514C465D-E30D-4470-BC30-BD5BDA6637FC}.Release|Any CPU.ActiveCfg = Release|Any CPU
		{514C465D-E30D-4470-BC30-BD5BDA6637FC}.Release|Any CPU.Build.0 = Release|Any CPU
		{45CB3602-70E6-4FA9-B047-D901F6F1335A}.Debug|Any CPU.ActiveCfg = Debug|Any CPU
		{45CB3602-70E6-4FA9-B047-D901F6F1335A}.Debug|Any CPU.Build.0 = Debug|Any CPU
		{45CB3602-70E6-4FA9-B047-D901F6F1335A}.Release|Any CPU.ActiveCfg = Release|Any CPU
		{45CB3602-70E6-4FA9-B047-D901F6F1335A}.Release|Any CPU.Build.0 = Release|Any CPU
		{7B7AE628-52F4-46A0-95F2-0D8EEB9FBB11}.Debug|Any CPU.ActiveCfg = Debug|Any CPU
		{7B7AE628-52F4-46A0-95F2-0D8EEB9FBB11}.Debug|Any CPU.Build.0 = Debug|Any CPU
		{7B7AE628-52F4-46A0-95F2-0D8EEB9FBB11}.Release|Any CPU.ActiveCfg = Release|Any CPU
		{7B7AE628-52F4-46A0-95F2-0D8EEB9FBB11}.Release|Any CPU.Build.0 = Release|Any CPU
	EndGlobalSection
	GlobalSection(SolutionProperties) = preSolution
		HideSolutionNode = FALSE
	EndGlobalSection
	GlobalSection(NestedProjects) = preSolution
		{13C8E2F6-584D-4F8C-8B79-5ABE523407DE} = {02EA681E-C7D8-13C7-8484-4AC65E1B71E8}
		{9C18B521-2767-4A88-93E1-A71A93D8B42B} = {F41693C5-4319-4BD3-A83C-22F8DEA15D0D}
		{514C465D-E30D-4470-BC30-BD5BDA6637FC} = {9C18B521-2767-4A88-93E1-A71A93D8B42B}
		{45CB3602-70E6-4FA9-B047-D901F6F1335A} = {9C18B521-2767-4A88-93E1-A71A93D8B42B}
		{7B7AE628-52F4-46A0-95F2-0D8EEB9FBB11} = {9C18B521-2767-4A88-93E1-A71A93D8B42B}
	EndGlobalSection
	GlobalSection(ExtensibilityGlobals) = postSolution
		SolutionGuid = {79CB45CA-8A46-4C0E-AEED-1039DF4FDBD0}
	EndGlobalSection
EndGlobal
